
Microsoft Visual Studio Solution File, Format Version 12.00
# Visual Studio Version 17
VisualStudioVersion = 17.0.32014.148
MinimumVisualStudioVersion = 10.0.40219.1
Project("{9A19103F-16F7-4668-BE54-9A1E7A4F7556}") = "Redis POC", "Redis POC\Redis POC.csproj", "{3D664855-86D5-455C-AE46-147A9D3752FD}"
EndProject
Project("{9A19103F-16F7-4668-BE54-9A1E7A4F7556}") = "Subscriber", "Subscriber\Subscriber.csproj", "{2314C639-42C7-4F95-A8EB-D216F55585D9}"
EndProject
Project("{9A19103F-16F7-4668-BE54-9A1E7A4F7556}") = "Common", "Common\Common.csproj", "{65B24FA1-5790-42CA-84D1-2B6408E880FC}"
EndProject
Project("{FAE04EC0-301F-11D3-BF4B-00C04F79EFBC}") = "Test App", "Test App\Test App.csproj", "{E1E791BD-4463-4EE2-B782-1CDBD4324A87}"
EndProject
Project("{FAE04EC0-301F-11D3-BF4B-00C04F79EFBC}") = "Redis Key Update Notification", "Redis Key Update Notification\Redis Key Update Notification.csproj", "{360BAB6D-ABFC-4C83-B7A1-5B92C7785A27}"
EndProject
Global
	GlobalSection(SolutionConfigurationPlatforms) = preSolution
		Debug|Any CPU = Debug|Any CPU
		Release|Any CPU = Release|Any CPU
	EndGlobalSection
	GlobalSection(ProjectConfigurationPlatforms) = postSolution
		{3D664855-86D5-455C-AE46-147A9D3752FD}.Debug|Any CPU.ActiveCfg = Debug|Any CPU
		{3D664855-86D5-455C-AE46-147A9D3752FD}.Debug|Any CPU.Build.0 = Debug|Any CPU
		{3D664855-86D5-455C-AE46-147A9D3752FD}.Release|Any CPU.ActiveCfg = Release|Any CPU
		{3D664855-86D5-455C-AE46-147A9D3752FD}.Release|Any CPU.Build.0 = Release|Any CPU
		{2314C639-42C7-4F95-A8EB-D216F55585D9}.Debug|Any CPU.ActiveCfg = Debug|Any CPU
		{2314C639-42C7-4F95-A8EB-D216F55585D9}.Debug|Any CPU.Build.0 = Debug|Any CPU
		{2314C639-42C7-4F95-A8EB-D216F55585D9}.Release|Any CPU.ActiveCfg = Release|Any CPU
		{2314C639-42C7-4F95-A8EB-D216F55585D9}.Release|Any CPU.Build.0 = Release|Any CPU
		{65B24FA1-5790-42CA-84D1-2B6408E880FC}.Debug|Any CPU.ActiveCfg = Debug|Any CPU
		{65B24FA1-5790-42CA-84D1-2B6408E880FC}.Debug|Any CPU.Build.0 = Debug|Any CPU
		{65B24FA1-5790-42CA-84D1-2B6408E880FC}.Release|Any CPU.ActiveCfg = Release|Any CPU
		{65B24FA1-5790-42CA-84D1-2B6408E880FC}.Release|Any CPU.Build.0 = Release|Any CPU
		{E1E791BD-4463-4EE2-B782-1CDBD4324A87}.Debug|Any CPU.ActiveCfg = Debug|Any CPU
		{E1E791BD-4463-4EE2-B782-1CDBD4324A87}.Debug|Any CPU.Build.0 = Debug|Any CPU
		{E1E791BD-4463-4EE2-B782-1CDBD4324A87}.Release|Any CPU.ActiveCfg = Release|Any CPU
		{E1E791BD-4463-4EE2-B782-1CDBD4324A87}.Release|Any CPU.Build.0 = Release|Any CPU
		{360BAB6D-ABFC-4C83-B7A1-5B92C7785A27}.Debug|Any CPU.ActiveCfg = Debug|Any CPU
		{360BAB6D-ABFC-4C83-B7A1-5B92C7785A27}.Debug|Any CPU.Build.0 = Debug|Any CPU
		{360BAB6D-ABFC-4C83-B7A1-5B92C7785A27}.Release|Any CPU.ActiveCfg = Release|Any CPU
		{360BAB6D-ABFC-4C83-B7A1-5B92C7785A27}.Release|Any CPU.Build.0 = Release|Any CPU
	EndGlobalSection
	GlobalSection(SolutionProperties) = preSolution
		HideSolutionNode = FALSE
	EndGlobalSection
	GlobalSection(ExtensibilityGlobals) = postSolution
		SolutionGuid = {6579C1F3-9472-48C6-9D41-975F04C80846}
	EndGlobalSection
EndGlobal
